
Microsoft Visual Studio Solution File, Format Version 12.00
# Visual Studio Version 17
VisualStudioVersion = 17.13.35825.156 d17.13
MinimumVisualStudioVersion = 10.0.40219.1
Project("{FAE04EC0-301F-11D3-BF4B-00C04F79EFBC}") = "PassManager", "PassManager\PassManager.csproj", "{8987BD63-D1EB-4698-8ECD-DAB6B63E6403}"
EndProject
Global
	GlobalSection(SolutionConfigurationPlatforms) = preSolution
		Debug|Any CPU = Debug|Any CPU
		Release|Any CPU = Release|Any CPU
	EndGlobalSection
	GlobalSection(ProjectConfigurationPlatforms) = postSolution
		{8987BD63-D1EB-4698-8ECD-DAB6B63E6403}.Debug|Any CPU.ActiveCfg = Debug|Any CPU
		{8987BD63-D1EB-4698-8ECD-DAB6B63E6403}.Debug|Any CPU.Build.0 = Debug|Any CPU
		{8987BD63-D1EB-4698-8ECD-DAB6B63E6403}.Release|Any CPU.ActiveCfg = Release|Any CPU
		{8987BD63-D1EB-4698-8ECD-DAB6B63E6403}.Release|Any CPU.Build.0 = Release|Any CPU
	EndGlobalSection
	GlobalSection(SolutionProperties) = preSolution
		HideSolutionNode = FALSE
	EndGlobalSection
	GlobalSection(ExtensibilityGlobals) = postSolution
		SolutionGuid = {E72D1423-010F-4591-80A1-E07FBFAD65E6}
	EndGlobalSection
EndGlobal
